// !$*UTF8*$!
{
	archiveVersion = 1;
	classes = {
	};
	objectVersion = 46;
	objects = {

/* Begin PBXBuildFile section */
		3E8D7C691CF8355200EF5F9D /* libVRLive.a in Frameworks */ = {isa = PBXBuildFile; fileRef = 3E8D7C681CF8354800EF5F9D /* libVRLive.a */; };
		3ECF6D641CF3F0980043B22F /* main.m in Sources */ = {isa = PBXBuildFile; fileRef = 3ECF6D631CF3F0980043B22F /* main.m */; };
		3ECF6D671CF3F0980043B22F /* AppDelegate.m in Sources */ = {isa = PBXBuildFile; fileRef = 3ECF6D661CF3F0980043B22F /* AppDelegate.m */; };
		3ECF6D6A1CF3F0980043B22F /* ViewController.m in Sources */ = {isa = PBXBuildFile; fileRef = 3ECF6D691CF3F0980043B22F /* ViewController.m */; };
		3ECF6D6D1CF3F0980043B22F /* Main.storyboard in Resources */ = {isa = PBXBuildFile; fileRef = 3ECF6D6B1CF3F0980043B22F /* Main.storyboard */; };
		3ECF6D6F1CF3F0980043B22F /* Assets.xcassets in Resources */ = {isa = PBXBuildFile; fileRef = 3ECF6D6E1CF3F0980043B22F /* Assets.xcassets */; };
		3ECF6D721CF3F0980043B22F /* LaunchScreen.storyboard in Resources */ = {isa = PBXBuildFile; fileRef = 3ECF6D701CF3F0980043B22F /* LaunchScreen.storyboard */; };
		3ECF6E091CF43E4E0043B22F /* vrplayer.storyboard in Resources */ = {isa = PBXBuildFile; fileRef = 3ECF6E081CF43E4E0043B22F /* vrplayer.storyboard */; };
		95F5F4DD1CF54B0E0083E2F5 /* QGVideoPlayViewController.mm in Sources */ = {isa = PBXBuildFile; fileRef = 95F5F4DB1CF54B0E0083E2F5 /* QGVideoPlayViewController.mm */; };
		95F5F4DE1CF54B0E0083E2F5 /* QGVideoPlayViewController.xib in Resources */ = {isa = PBXBuildFile; fileRef = 95F5F4DC1CF54B0E0083E2F5 /* QGVideoPlayViewController.xib */; };
		95F5F4E71CF581550083E2F5 /* TestViewController.m in Sources */ = {isa = PBXBuildFile; fileRef = 95F5F4E51CF581550083E2F5 /* TestViewController.m */; };
		95F5F4E81CF581550083E2F5 /* TestViewController.xib in Resources */ = {isa = PBXBuildFile; fileRef = 95F5F4E61CF581550083E2F5 /* TestViewController.xib */; };
		95F5F4F91CF5C4810083E2F5 /* FeThreeDotGlowViewController.m in Sources */ = {isa = PBXBuildFile; fileRef = 95F5F4F81CF5C4810083E2F5 /* FeThreeDotGlowViewController.m */; };
		95F5F4FC1CF5C49B0083E2F5 /* FeThreeDotGlow.m in Sources */ = {isa = PBXBuildFile; fileRef = 95F5F4FB1CF5C49B0083E2F5 /* FeThreeDotGlow.m */; };
		95F5F4FF1CF5C5050083E2F5 /* UIColor+flat.m in Sources */ = {isa = PBXBuildFile; fileRef = 95F5F4FE1CF5C5050083E2F5 /* UIColor+flat.m */; };
/* End PBXBuildFile section */

/* Begin PBXContainerItemProxy section */
		3E8D7C671CF8354800EF5F9D /* PBXContainerItemProxy */ = {
			isa = PBXContainerItemProxy;
			containerPortal = 3E8D7C631CF8354800EF5F9D /* VRLive.xcodeproj */;
			proxyType = 2;
			remoteGlobalIDString = 3ECF6D8E1CF3F3C90043B22F;
			remoteInfo = VRLive;
		};
/* End PBXContainerItemProxy section */

/* Begin PBXFileReference section */
		3E8D7C631CF8354800EF5F9D /* VRLive.xcodeproj */ = {isa = PBXFileReference; lastKnownFileType = "wrapper.pb-project"; name = VRLive.xcodeproj; path = VRLive/VRLive.xcodeproj; sourceTree = "<group>"; };
		3ECF6D5F1CF3F0980043B22F /* VRPlayer-IOS.app */ = {isa = PBXFileReference; explicitFileType = wrapper.application; includeInIndex = 0; path = "VRPlayer-IOS.app"; sourceTree = BUILT_PRODUCTS_DIR; };
		3ECF6D631CF3F0980043B22F /* main.m */ = {isa = PBXFileReference; lastKnownFileType = sourcecode.c.objc; path = main.m; sourceTree = "<group>"; };
		3ECF6D651CF3F0980043B22F /* AppDelegate.h */ = {isa = PBXFileReference; lastKnownFileType = sourcecode.c.h; path = AppDelegate.h; sourceTree = "<group>"; };
		3ECF6D661CF3F0980043B22F /* AppDelegate.m */ = {isa = PBXFileReference; lastKnownFileType = sourcecode.c.objc; path = AppDelegate.m; sourceTree = "<group>"; };
		3ECF6D681CF3F0980043B22F /* ViewController.h */ = {isa = PBXFileReference; lastKnownFileType = sourcecode.c.h; path = ViewController.h; sourceTree = "<group>"; };
		3ECF6D691CF3F0980043B22F /* ViewController.m */ = {isa = PBXFileReference; lastKnownFileType = sourcecode.c.objc; path = ViewController.m; sourceTree = "<group>"; };
		3ECF6D6C1CF3F0980043B22F /* Base */ = {isa = PBXFileReference; lastKnownFileType = file.storyboard; name = Base; path = Base.lproj/Main.storyboard; sourceTree = "<group>"; };
		3ECF6D6E1CF3F0980043B22F /* Assets.xcassets */ = {isa = PBXFileReference; lastKnownFileType = folder.assetcatalog; path = Assets.xcassets; sourceTree = "<group>"; };
		3ECF6D711CF3F0980043B22F /* Base */ = {isa = PBXFileReference; lastKnownFileType = file.storyboard; name = Base; path = Base.lproj/LaunchScreen.storyboard; sourceTree = "<group>"; };
		3ECF6D731CF3F0980043B22F /* Info.plist */ = {isa = PBXFileReference; lastKnownFileType = text.plist.xml; path = Info.plist; sourceTree = "<group>"; };
		3ECF6E081CF43E4E0043B22F /* vrplayer.storyboard */ = {isa = PBXFileReference; fileEncoding = 4; lastKnownFileType = file.storyboard; path = vrplayer.storyboard; sourceTree = "<group>"; };
		95F5F4DA1CF54B0E0083E2F5 /* QGVideoPlayViewController.h */ = {isa = PBXFileReference; fileEncoding = 4; lastKnownFileType = sourcecode.c.h; path = QGVideoPlayViewController.h; sourceTree = "<group>"; };
		95F5F4DB1CF54B0E0083E2F5 /* QGVideoPlayViewController.mm */ = {isa = PBXFileReference; fileEncoding = 4; lastKnownFileType = sourcecode.cpp.objcpp; path = QGVideoPlayViewController.mm; sourceTree = "<group>"; };
		95F5F4DC1CF54B0E0083E2F5 /* QGVideoPlayViewController.xib */ = {isa = PBXFileReference; fileEncoding = 4; lastKnownFileType = file.xib; path = QGVideoPlayViewController.xib; sourceTree = "<group>"; };
		95F5F4E41CF581550083E2F5 /* TestViewController.h */ = {isa = PBXFileReference; fileEncoding = 4; lastKnownFileType = sourcecode.c.h; path = TestViewController.h; sourceTree = "<group>"; };
		95F5F4E51CF581550083E2F5 /* TestViewController.m */ = {isa = PBXFileReference; fileEncoding = 4; lastKnownFileType = sourcecode.c.objc; path = TestViewController.m; sourceTree = "<group>"; };
		95F5F4E61CF581550083E2F5 /* TestViewController.xib */ = {isa = PBXFileReference; fileEncoding = 4; lastKnownFileType = file.xib; path = TestViewController.xib; sourceTree = "<group>"; };
		95F5F4F71CF5C4810083E2F5 /* FeThreeDotGlowViewController.h */ = {isa = PBXFileReference; fileEncoding = 4; lastKnownFileType = sourcecode.c.h; path = FeThreeDotGlowViewController.h; sourceTree = "<group>"; };
		95F5F4F81CF5C4810083E2F5 /* FeThreeDotGlowViewController.m */ = {isa = PBXFileReference; fileEncoding = 4; lastKnownFileType = sourcecode.c.objc; path = FeThreeDotGlowViewController.m; sourceTree = "<group>"; };
		95F5F4FA1CF5C49B0083E2F5 /* FeThreeDotGlow.h */ = {isa = PBXFileReference; fileEncoding = 4; lastKnownFileType = sourcecode.c.h; path = FeThreeDotGlow.h; sourceTree = "<group>"; };
		95F5F4FB1CF5C49B0083E2F5 /* FeThreeDotGlow.m */ = {isa = PBXFileReference; fileEncoding = 4; lastKnownFileType = sourcecode.c.objc; path = FeThreeDotGlow.m; sourceTree = "<group>"; };
		95F5F4FD1CF5C5050083E2F5 /* UIColor+flat.h */ = {isa = PBXFileReference; fileEncoding = 4; lastKnownFileType = sourcecode.c.h; path = "UIColor+flat.h"; sourceTree = "<group>"; };
		95F5F4FE1CF5C5050083E2F5 /* UIColor+flat.m */ = {isa = PBXFileReference; fileEncoding = 4; lastKnownFileType = sourcecode.c.objc; path = "UIColor+flat.m"; sourceTree = "<group>"; };
/* End PBXFileReference section */

/* Begin PBXFrameworksBuildPhase section */
		3ECF6D5C1CF3F0980043B22F /* Frameworks */ = {
			isa = PBXFrameworksBuildPhase;
			buildActionMask = 2147483647;
			files = (
				3E8D7C691CF8355200EF5F9D /* libVRLive.a in Frameworks */,
			);
			runOnlyForDeploymentPostprocessing = 0;
		};
/* End PBXFrameworksBuildPhase section */

/* Begin PBXGroup section */
		3E8D7C641CF8354800EF5F9D /* Products */ = {
			isa = PBXGroup;
			children = (
				3E8D7C681CF8354800EF5F9D /* libVRLive.a */,
			);
			name = Products;
			sourceTree = "<group>";
		};
		3ECF6D561CF3F0980043B22F = {
			isa = PBXGroup;
			children = (
				3ECF6D611CF3F0980043B22F /* VRPlayer-IOS */,
				3ECF6D601CF3F0980043B22F /* Products */,
				3E8D7C631CF8354800EF5F9D /* VRLive.xcodeproj */,
			);
			sourceTree = "<group>";
		};
		3ECF6D601CF3F0980043B22F /* Products */ = {
			isa = PBXGroup;
			children = (
				3ECF6D5F1CF3F0980043B22F /* VRPlayer-IOS.app */,
			);
			name = Products;
			sourceTree = "<group>";
		};
		3ECF6D611CF3F0980043B22F /* VRPlayer-IOS */ = {
			isa = PBXGroup;
			children = (
				95F5F4FD1CF5C5050083E2F5 /* UIColor+flat.h */,
				95F5F4FE1CF5C5050083E2F5 /* UIColor+flat.m */,
				95F5F4FA1CF5C49B0083E2F5 /* FeThreeDotGlow.h */,
				95F5F4FB1CF5C49B0083E2F5 /* FeThreeDotGlow.m */,
				95F5F4F71CF5C4810083E2F5 /* FeThreeDotGlowViewController.h */,
				95F5F4F81CF5C4810083E2F5 /* FeThreeDotGlowViewController.m */,
				95F5F4DA1CF54B0E0083E2F5 /* QGVideoPlayViewController.h */,
				95F5F4DB1CF54B0E0083E2F5 /* QGVideoPlayViewController.mm */,
				95F5F4DC1CF54B0E0083E2F5 /* QGVideoPlayViewController.xib */,
				3ECF6E081CF43E4E0043B22F /* vrplayer.storyboard */,
				3ECF6D651CF3F0980043B22F /* AppDelegate.h */,
				3ECF6D661CF3F0980043B22F /* AppDelegate.m */,
				3ECF6D681CF3F0980043B22F /* ViewController.h */,
				3ECF6D691CF3F0980043B22F /* ViewController.m */,
				3ECF6D6B1CF3F0980043B22F /* Main.storyboard */,
				3ECF6D6E1CF3F0980043B22F /* Assets.xcassets */,
				3ECF6D701CF3F0980043B22F /* LaunchScreen.storyboard */,
				3ECF6D731CF3F0980043B22F /* Info.plist */,
				3ECF6D621CF3F0980043B22F /* Supporting Files */,
				95F5F4E41CF581550083E2F5 /* TestViewController.h */,
				95F5F4E51CF581550083E2F5 /* TestViewController.m */,
				95F5F4E61CF581550083E2F5 /* TestViewController.xib */,
			);
			path = "VRPlayer-IOS";
			sourceTree = "<group>";
		};
		3ECF6D621CF3F0980043B22F /* Supporting Files */ = {
			isa = PBXGroup;
			children = (
				3ECF6D631CF3F0980043B22F /* main.m */,
			);
			name = "Supporting Files";
			sourceTree = "<group>";
		};
/* End PBXGroup section */

/* Begin PBXNativeTarget section */
		3ECF6D5E1CF3F0980043B22F /* VRPlayer-IOS */ = {
			isa = PBXNativeTarget;
			buildConfigurationList = 3ECF6D761CF3F0980043B22F /* Build configuration list for PBXNativeTarget "VRPlayer-IOS" */;
			buildPhases = (
				3ECF6D5B1CF3F0980043B22F /* Sources */,
				3ECF6D5C1CF3F0980043B22F /* Frameworks */,
				3ECF6D5D1CF3F0980043B22F /* Resources */,
			);
			buildRules = (
			);
			dependencies = (
			);
			name = "VRPlayer-IOS";
			productName = "VRPlayer-IOS";
			productReference = 3ECF6D5F1CF3F0980043B22F /* VRPlayer-IOS.app */;
			productType = "com.apple.product-type.application";
		};
/* End PBXNativeTarget section */

/* Begin PBXProject section */
		3ECF6D571CF3F0980043B22F /* Project object */ = {
			isa = PBXProject;
			attributes = {
				LastUpgradeCheck = 0730;
				ORGANIZATIONNAME = yangxiao;
				TargetAttributes = {
					3ECF6D5E1CF3F0980043B22F = {
						CreatedOnToolsVersion = 7.3;
						DevelopmentTeam = X4EA3FJ4GH;
					};
				};
			};
			buildConfigurationList = 3ECF6D5A1CF3F0980043B22F /* Build configuration list for PBXProject "VRPlayer-IOS" */;
			compatibilityVersion = "Xcode 3.2";
			developmentRegion = English;
			hasScannedForEncodings = 0;
			knownRegions = (
				en,
				Base,
			);
			mainGroup = 3ECF6D561CF3F0980043B22F;
			productRefGroup = 3ECF6D601CF3F0980043B22F /* Products */;
			projectDirPath = "";
			projectReferences = (
				{
					ProductGroup = 3E8D7C641CF8354800EF5F9D /* Products */;
					ProjectRef = 3E8D7C631CF8354800EF5F9D /* VRLive.xcodeproj */;
				},
			);
			projectRoot = "";
			targets = (
				3ECF6D5E1CF3F0980043B22F /* VRPlayer-IOS */,
			);
		};
/* End PBXProject section */

/* Begin PBXReferenceProxy section */
		3E8D7C681CF8354800EF5F9D /* libVRLive.a */ = {
			isa = PBXReferenceProxy;
			fileType = archive.ar;
			path = libVRLive.a;
			remoteRef = 3E8D7C671CF8354800EF5F9D /* PBXContainerItemProxy */;
			sourceTree = BUILT_PRODUCTS_DIR;
		};
/* End PBXReferenceProxy section */

/* Begin PBXResourcesBuildPhase section */
		3ECF6D5D1CF3F0980043B22F /* Resources */ = {
			isa = PBXResourcesBuildPhase;
			buildActionMask = 2147483647;
			files = (
				95F5F4DE1CF54B0E0083E2F5 /* QGVideoPlayViewController.xib in Resources */,
				3ECF6D721CF3F0980043B22F /* LaunchScreen.storyboard in Resources */,
				3ECF6E091CF43E4E0043B22F /* vrplayer.storyboard in Resources */,
				3ECF6D6F1CF3F0980043B22F /* Assets.xcassets in Resources */,
				95F5F4E81CF581550083E2F5 /* TestViewController.xib in Resources */,
				3ECF6D6D1CF3F0980043B22F /* Main.storyboard in Resources */,
			);
			runOnlyForDeploymentPostprocessing = 0;
		};
/* End PBXResourcesBuildPhase section */

/* Begin PBXSourcesBuildPhase section */
		3ECF6D5B1CF3F0980043B22F /* Sources */ = {
			isa = PBXSourcesBuildPhase;
			buildActionMask = 2147483647;
			files = (
				95F5F4FF1CF5C5050083E2F5 /* UIColor+flat.m in Sources */,
				3ECF6D6A1CF3F0980043B22F /* ViewController.m in Sources */,
				3ECF6D671CF3F0980043B22F /* AppDelegate.m in Sources */,
				95F5F4DD1CF54B0E0083E2F5 /* QGVideoPlayViewController.mm in Sources */,
				95F5F4FC1CF5C49B0083E2F5 /* FeThreeDotGlow.m in Sources */,
				95F5F4F91CF5C4810083E2F5 /* FeThreeDotGlowViewController.m in Sources */,
				3ECF6D641CF3F0980043B22F /* main.m in Sources */,
				95F5F4E71CF581550083E2F5 /* TestViewController.m in Sources */,
			);
			runOnlyForDeploymentPostprocessing = 0;
		};
/* End PBXSourcesBuildPhase section */

/* Begin PBXVariantGroup section */
		3ECF6D6B1CF3F0980043B22F /* Main.storyboard */ = {
			isa = PBXVariantGroup;
			children = (
				3ECF6D6C1CF3F0980043B22F /* Base */,
			);
			name = Main.storyboard;
			sourceTree = "<group>";
		};
		3ECF6D701CF3F0980043B22F /* LaunchScreen.storyboard */ = {
			isa = PBXVariantGroup;
			children = (
				3ECF6D711CF3F0980043B22F /* Base */,
			);
			name = LaunchScreen.storyboard;
			sourceTree = "<group>";
		};
/* End PBXVariantGroup section */

/* Begin XCBuildConfiguration section */
		3ECF6D741CF3F0980043B22F /* Debug */ = {
			isa = XCBuildConfiguration;
			buildSettings = {
				ALWAYS_SEARCH_USER_PATHS = NO;
				CLANG_ANALYZER_NONNULL = YES;
				CLANG_CXX_LANGUAGE_STANDARD = "gnu++0x";
				CLANG_CXX_LIBRARY = "libc++";
				CLANG_ENABLE_MODULES = YES;
				CLANG_ENABLE_OBJC_ARC = YES;
				CLANG_WARN_BOOL_CONVERSION = YES;
				CLANG_WARN_CONSTANT_CONVERSION = YES;
				CLANG_WARN_DIRECT_OBJC_ISA_USAGE = YES_ERROR;
				CLANG_WARN_EMPTY_BODY = YES;
				CLANG_WARN_ENUM_CONVERSION = YES;
				CLANG_WARN_INT_CONVERSION = YES;
				CLANG_WARN_OBJC_ROOT_CLASS = YES_ERROR;
				CLANG_WARN_UNREACHABLE_CODE = YES;
				CLANG_WARN__DUPLICATE_METHOD_MATCH = YES;
				"CODE_SIGN_IDENTITY[sdk=iphoneos*]" = "iPhone Developer";
				COPY_PHASE_STRIP = NO;
				DEBUG_INFORMATION_FORMAT = dwarf;
				ENABLE_STRICT_OBJC_MSGSEND = YES;
				ENABLE_TESTABILITY = YES;
				GCC_C_LANGUAGE_STANDARD = gnu99;
				GCC_DYNAMIC_NO_PIC = NO;
				GCC_NO_COMMON_BLOCKS = YES;
				GCC_OPTIMIZATION_LEVEL = 0;
				GCC_PREPROCESSOR_DEFINITIONS = (
					"DEBUG=1",
					"$(inherited)",
				);
				GCC_WARN_64_TO_32_BIT_CONVERSION = YES;
				GCC_WARN_ABOUT_RETURN_TYPE = YES_ERROR;
				GCC_WARN_UNDECLARED_SELECTOR = YES;
				GCC_WARN_UNINITIALIZED_AUTOS = YES_AGGRESSIVE;
				GCC_WARN_UNUSED_FUNCTION = YES;
				GCC_WARN_UNUSED_VARIABLE = YES;
				IPHONEOS_DEPLOYMENT_TARGET = 9.3;
				MTL_ENABLE_DEBUG_INFO = YES;
				ONLY_ACTIVE_ARCH = YES;
				SDKROOT = iphoneos;
			};
			name = Debug;
		};
		3ECF6D751CF3F0980043B22F /* Release */ = {
			isa = XCBuildConfiguration;
			buildSettings = {
				ALWAYS_SEARCH_USER_PATHS = NO;
				CLANG_ANALYZER_NONNULL = YES;
				CLANG_CXX_LANGUAGE_STANDARD = "gnu++0x";
				CLANG_CXX_LIBRARY = "libc++";
				CLANG_ENABLE_MODULES = YES;
				CLANG_ENABLE_OBJC_ARC = YES;
				CLANG_WARN_BOOL_CONVERSION = YES;
				CLANG_WARN_CONSTANT_CONVERSION = YES;
				CLANG_WARN_DIRECT_OBJC_ISA_USAGE = YES_ERROR;
				CLANG_WARN_EMPTY_BODY = YES;
				CLANG_WARN_ENUM_CONVERSION = YES;
				CLANG_WARN_INT_CONVERSION = YES;
				CLANG_WARN_OBJC_ROOT_CLASS = YES_ERROR;
				CLANG_WARN_UNREACHABLE_CODE = YES;
				CLANG_WARN__DUPLICATE_METHOD_MATCH = YES;
				"CODE_SIGN_IDENTITY[sdk=iphoneos*]" = "iPhone Developer";
				COPY_PHASE_STRIP = NO;
				DEBUG_INFORMATION_FORMAT = "dwarf-with-dsym";
				ENABLE_NS_ASSERTIONS = NO;
				ENABLE_STRICT_OBJC_MSGSEND = YES;
				GCC_C_LANGUAGE_STANDARD = gnu99;
				GCC_NO_COMMON_BLOCKS = YES;
				GCC_WARN_64_TO_32_BIT_CONVERSION = YES;
				GCC_WARN_ABOUT_RETURN_TYPE = YES_ERROR;
				GCC_WARN_UNDECLARED_SELECTOR = YES;
				GCC_WARN_UNINITIALIZED_AUTOS = YES_AGGRESSIVE;
				GCC_WARN_UNUSED_FUNCTION = YES;
				GCC_WARN_UNUSED_VARIABLE = YES;
				IPHONEOS_DEPLOYMENT_TARGET = 9.3;
				MTL_ENABLE_DEBUG_INFO = NO;
				SDKROOT = iphoneos;
				VALIDATE_PRODUCT = YES;
			};
			name = Release;
		};
		3ECF6D771CF3F0980043B22F /* Debug */ = {
			isa = XCBuildConfiguration;
			buildSettings = {
				ASSETCATALOG_COMPILER_APPICON_NAME = AppIcon;
				CODE_SIGN_IDENTITY = "iPhone Developer";
				"CODE_SIGN_IDENTITY[sdk=iphoneos*]" = "iPhone Developer";
				ENABLE_BITCODE = NO;
				HEADER_SEARCH_PATHS = VRLive/VRPlayer;
				INFOPLIST_FILE = "VRPlayer-IOS/Info.plist";
				LD_RUNPATH_SEARCH_PATHS = "$(inherited) @executable_path/Frameworks";
				LIBRARY_SEARCH_PATHS = (
					"$(inherited)",
					"$(PROJECT_DIR)/VRLive/VRPlayer",
				);
				OTHER_LDFLAGS = "-lz";
				PRODUCT_BUNDLE_IDENTIFIER = "com.donglivr.-";
				PRODUCT_NAME = "$(TARGET_NAME)";
				PROVISIONING_PROFILE = "";
			};
			name = Debug;
		};
		3ECF6D781CF3F0980043B22F /* Release */ = {
			isa = XCBuildConfiguration;
			buildSettings = {
				ASSETCATALOG_COMPILER_APPICON_NAME = AppIcon;
				CODE_SIGN_IDENTITY = "iPhone Developer";
				"CODE_SIGN_IDENTITY[sdk=iphoneos*]" = "iPhone Developer";
				ENABLE_BITCODE = NO;
				HEADER_SEARCH_PATHS = VRLive/VRPlayer;
				INFOPLIST_FILE = "VRPlayer-IOS/Info.plist";
				LD_RUNPATH_SEARCH_PATHS = "$(inherited) @executable_path/Frameworks";
				LIBRARY_SEARCH_PATHS = (
					"$(inherited)",
					"$(PROJECT_DIR)/VRLive/VRPlayer",
				);
				OTHER_LDFLAGS = "-lz";
				PRODUCT_BUNDLE_IDENTIFIER = "com.donglivr.-";
				PRODUCT_NAME = "$(TARGET_NAME)";
				PROVISIONING_PROFILE = "";
			};
			name = Release;
		};
/* End XCBuildConfiguration section */

/* Begin XCConfigurationList section */
		3ECF6D5A1CF3F0980043B22F /* Build configuration list for PBXProject "VRPlayer-IOS" */ = {
			isa = XCConfigurationList;
			buildConfigurations = (
				3ECF6D741CF3F0980043B22F /* Debug */,
				3ECF6D751CF3F0980043B22F /* Release */,
			);
			defaultConfigurationIsVisible = 0;
			defaultConfigurationName = Release;
		};
		3ECF6D761CF3F0980043B22F /* Build configuration list for PBXNativeTarget "VRPlayer-IOS" */ = {
			isa = XCConfigurationList;
			buildConfigurations = (
				3ECF6D771CF3F0980043B22F /* Debug */,
				3ECF6D781CF3F0980043B22F /* Release */,
			);
			defaultConfigurationIsVisible = 0;
			defaultConfigurationName = Release;
		};
/* End XCConfigurationList section */
	};
	rootObject = 3ECF6D571CF3F0980043B22F /* Project object */;
}
