// !$*UTF8*$!
{
	archiveVersion = 1;
	classes = {
	};
	objectVersion = 46;
	objects = {

/* Begin PBXBuildFile section */
		3E6470FB1CD2DE320012B046 /* main.m in Sources */ = {isa = PBXBuildFile; fileRef = 3E6470FA1CD2DE320012B046 /* main.m */; };
		3E6470FE1CD2DE320012B046 /* AppDelegate.m in Sources */ = {isa = PBXBuildFile; fileRef = 3E6470FD1CD2DE320012B046 /* AppDelegate.m */; };
		3E6471011CD2DE320012B046 /* ViewController.m in Sources */ = {isa = PBXBuildFile; fileRef = 3E6471001CD2DE320012B046 /* ViewController.m */; };
		3E6471041CD2DE320012B046 /* Main.storyboard in Resources */ = {isa = PBXBuildFile; fileRef = 3E6471021CD2DE320012B046 /* Main.storyboard */; };
		3E6471061CD2DE320012B046 /* Assets.xcassets in Resources */ = {isa = PBXBuildFile; fileRef = 3E6471051CD2DE320012B046 /* Assets.xcassets */; };
		3E6471091CD2DE320012B046 /* LaunchScreen.storyboard in Resources */ = {isa = PBXBuildFile; fileRef = 3E6471071CD2DE320012B046 /* LaunchScreen.storyboard */; };
		3E6471141CD2DE320012B046 /* VRPlayer2Tests.m in Sources */ = {isa = PBXBuildFile; fileRef = 3E6471131CD2DE320012B046 /* VRPlayer2Tests.m */; };
		3E64711F1CD2DE320012B046 /* VRPlayer2UITests.m in Sources */ = {isa = PBXBuildFile; fileRef = 3E64711E1CD2DE320012B046 /* VRPlayer2UITests.m */; };
		3E6471401CD2DF1A0012B046 /* libgameplay.a in Frameworks */ = {isa = PBXBuildFile; fileRef = 3E64713D1CD2DE7F0012B046 /* libgameplay.a */; };
		3E6471931CD7B5280012B046 /* CoreMotion.framework in Frameworks */ = {isa = PBXBuildFile; fileRef = 3E6471921CD7B5280012B046 /* CoreMotion.framework */; };
		3E6471951CD7B9010012B046 /* OpenGLES.framework in Frameworks */ = {isa = PBXBuildFile; fileRef = 3E6471941CD7B9010012B046 /* OpenGLES.framework */; };
		3E6471971CD7B9090012B046 /* OpenAL.framework in Frameworks */ = {isa = PBXBuildFile; fileRef = 3E6471961CD7B9090012B046 /* OpenAL.framework */; };
		3ECCA7F91CD897500001787E /* AudioToolbox.framework in Frameworks */ = {isa = PBXBuildFile; fileRef = 3ECCA7F81CD897500001787E /* AudioToolbox.framework */; };
		3ECCA7FD1CD897900001787E /* GameController.framework in Frameworks */ = {isa = PBXBuildFile; fileRef = 3ECCA7FC1CD897900001787E /* GameController.framework */; };
		3ECCA8001CD898440001787E /* res in Resources */ = {isa = PBXBuildFile; fileRef = 3ECCA7FF1CD898440001787E /* res */; };
		3ECCA80F1CDAE6880001787E /* MainViewController.m in Sources */ = {isa = PBXBuildFile; fileRef = 3ECCA80E1CDAE6880001787E /* MainViewController.m */; };
		3ECCA8141CDAE8900001787E /* PlayViewController.mm in Sources */ = {isa = PBXBuildFile; fileRef = 3ECCA8131CDAE8900001787E /* PlayViewController.mm */; };
/* End PBXBuildFile section */

/* Begin PBXContainerItemProxy section */
		3E6471101CD2DE320012B046 /* PBXContainerItemProxy */ = {
			isa = PBXContainerItemProxy;
			containerPortal = 3E6470EE1CD2DE310012B046 /* Project object */;
			proxyType = 1;
			remoteGlobalIDString = 3E6470F51CD2DE310012B046;
			remoteInfo = VRPlayer2;
		};
		3E64711B1CD2DE320012B046 /* PBXContainerItemProxy */ = {
			isa = PBXContainerItemProxy;
			containerPortal = 3E6470EE1CD2DE310012B046 /* Project object */;
			proxyType = 1;
			remoteGlobalIDString = 3E6470F51CD2DE310012B046;
			remoteInfo = VRPlayer2;
		};
		3E64713A1CD2DE7F0012B046 /* PBXContainerItemProxy */ = {
			isa = PBXContainerItemProxy;
			containerPortal = 3E6471351CD2DE7F0012B046 /* gameplay.xcodeproj */;
			proxyType = 2;
			remoteGlobalIDString = 4234D99A14686C52003031B3;
			remoteInfo = "gameplay-macosx";
		};
		3E64713C1CD2DE7F0012B046 /* PBXContainerItemProxy */ = {
			isa = PBXContainerItemProxy;
			containerPortal = 3E6471351CD2DE7F0012B046 /* gameplay.xcodeproj */;
			proxyType = 2;
			remoteGlobalIDString = 5B04C5CA14BFCFE100EB0071;
			remoteInfo = "gameplay-ios";
		};
/* End PBXContainerItemProxy section */

/* Begin PBXFileReference section */
		3E6470F61CD2DE310012B046 /* VRPlayer2.app */ = {isa = PBXFileReference; explicitFileType = wrapper.application; includeInIndex = 0; path = VRPlayer2.app; sourceTree = BUILT_PRODUCTS_DIR; };
		3E6470FA1CD2DE320012B046 /* main.m */ = {isa = PBXFileReference; lastKnownFileType = sourcecode.c.objc; path = main.m; sourceTree = "<group>"; };
		3E6470FC1CD2DE320012B046 /* AppDelegate.h */ = {isa = PBXFileReference; lastKnownFileType = sourcecode.c.h; path = AppDelegate.h; sourceTree = "<group>"; };
		3E6470FD1CD2DE320012B046 /* AppDelegate.m */ = {isa = PBXFileReference; lastKnownFileType = sourcecode.c.objc; path = AppDelegate.m; sourceTree = "<group>"; };
		3E6470FF1CD2DE320012B046 /* ViewController.h */ = {isa = PBXFileReference; lastKnownFileType = sourcecode.c.h; path = ViewController.h; sourceTree = "<group>"; };
		3E6471001CD2DE320012B046 /* ViewController.m */ = {isa = PBXFileReference; lastKnownFileType = sourcecode.c.objc; path = ViewController.m; sourceTree = "<group>"; };
		3E6471031CD2DE320012B046 /* Base */ = {isa = PBXFileReference; lastKnownFileType = file.storyboard; name = Base; path = Base.lproj/Main.storyboard; sourceTree = "<group>"; };
		3E6471051CD2DE320012B046 /* Assets.xcassets */ = {isa = PBXFileReference; lastKnownFileType = folder.assetcatalog; path = Assets.xcassets; sourceTree = "<group>"; };
		3E6471081CD2DE320012B046 /* Base */ = {isa = PBXFileReference; lastKnownFileType = file.storyboard; name = Base; path = Base.lproj/LaunchScreen.storyboard; sourceTree = "<group>"; };
		3E64710A1CD2DE320012B046 /* Info.plist */ = {isa = PBXFileReference; lastKnownFileType = text.plist.xml; path = Info.plist; sourceTree = "<group>"; };
		3E64710F1CD2DE320012B046 /* VRPlayer2Tests.xctest */ = {isa = PBXFileReference; explicitFileType = wrapper.cfbundle; includeInIndex = 0; path = VRPlayer2Tests.xctest; sourceTree = BUILT_PRODUCTS_DIR; };
		3E6471131CD2DE320012B046 /* VRPlayer2Tests.m */ = {isa = PBXFileReference; lastKnownFileType = sourcecode.c.objc; path = VRPlayer2Tests.m; sourceTree = "<group>"; };
		3E6471151CD2DE320012B046 /* Info.plist */ = {isa = PBXFileReference; lastKnownFileType = text.plist.xml; path = Info.plist; sourceTree = "<group>"; };
		3E64711A1CD2DE320012B046 /* VRPlayer2UITests.xctest */ = {isa = PBXFileReference; explicitFileType = wrapper.cfbundle; includeInIndex = 0; path = VRPlayer2UITests.xctest; sourceTree = BUILT_PRODUCTS_DIR; };
		3E64711E1CD2DE320012B046 /* VRPlayer2UITests.m */ = {isa = PBXFileReference; lastKnownFileType = sourcecode.c.objc; path = VRPlayer2UITests.m; sourceTree = "<group>"; };
		3E6471201CD2DE320012B046 /* Info.plist */ = {isa = PBXFileReference; lastKnownFileType = text.plist.xml; path = Info.plist; sourceTree = "<group>"; };
		3E6471351CD2DE7F0012B046 /* gameplay.xcodeproj */ = {isa = PBXFileReference; lastKnownFileType = "wrapper.pb-project"; name = gameplay.xcodeproj; path = ../GamePlay/gameplay/gameplay.xcodeproj; sourceTree = "<group>"; };
		3E6471921CD7B5280012B046 /* CoreMotion.framework */ = {isa = PBXFileReference; lastKnownFileType = wrapper.framework; name = CoreMotion.framework; path = System/Library/Frameworks/CoreMotion.framework; sourceTree = SDKROOT; };
		3E6471941CD7B9010012B046 /* OpenGLES.framework */ = {isa = PBXFileReference; lastKnownFileType = wrapper.framework; name = OpenGLES.framework; path = System/Library/Frameworks/OpenGLES.framework; sourceTree = SDKROOT; };
		3E6471961CD7B9090012B046 /* OpenAL.framework */ = {isa = PBXFileReference; lastKnownFileType = wrapper.framework; name = OpenAL.framework; path = System/Library/Frameworks/OpenAL.framework; sourceTree = SDKROOT; };
		3ECCA7F81CD897500001787E /* AudioToolbox.framework */ = {isa = PBXFileReference; lastKnownFileType = wrapper.framework; name = AudioToolbox.framework; path = System/Library/Frameworks/AudioToolbox.framework; sourceTree = SDKROOT; };
		3ECCA7FC1CD897900001787E /* GameController.framework */ = {isa = PBXFileReference; lastKnownFileType = wrapper.framework; name = GameController.framework; path = System/Library/Frameworks/GameController.framework; sourceTree = SDKROOT; };
		3ECCA7FF1CD898440001787E /* res */ = {isa = PBXFileReference; lastKnownFileType = folder; path = res; sourceTree = "<group>"; };
		3ECCA80D1CDAE6880001787E /* MainViewController.h */ = {isa = PBXFileReference; fileEncoding = 4; lastKnownFileType = sourcecode.c.h; path = MainViewController.h; sourceTree = "<group>"; };
		3ECCA80E1CDAE6880001787E /* MainViewController.m */ = {isa = PBXFileReference; fileEncoding = 4; lastKnownFileType = sourcecode.c.objc; path = MainViewController.m; sourceTree = "<group>"; };
		3ECCA8121CDAE8900001787E /* PlayViewController.h */ = {isa = PBXFileReference; fileEncoding = 4; lastKnownFileType = sourcecode.c.h; path = PlayViewController.h; sourceTree = "<group>"; };
		3ECCA8131CDAE8900001787E /* PlayViewController.mm */ = {isa = PBXFileReference; fileEncoding = 4; lastKnownFileType = sourcecode.cpp.objcpp; path = PlayViewController.mm; sourceTree = "<group>"; };
/* End PBXFileReference section */

/* Begin PBXFrameworksBuildPhase section */
		3E6470F31CD2DE310012B046 /* Frameworks */ = {
			isa = PBXFrameworksBuildPhase;
			buildActionMask = 2147483647;
			files = (
				3ECCA7FD1CD897900001787E /* GameController.framework in Frameworks */,
				3ECCA7F91CD897500001787E /* AudioToolbox.framework in Frameworks */,
				3E6471971CD7B9090012B046 /* OpenAL.framework in Frameworks */,
				3E6471951CD7B9010012B046 /* OpenGLES.framework in Frameworks */,
				3E6471931CD7B5280012B046 /* CoreMotion.framework in Frameworks */,
				3E6471401CD2DF1A0012B046 /* libgameplay.a in Frameworks */,
			);
			runOnlyForDeploymentPostprocessing = 0;
		};
		3E64710C1CD2DE320012B046 /* Frameworks */ = {
			isa = PBXFrameworksBuildPhase;
			buildActionMask = 2147483647;
			files = (
			);
			runOnlyForDeploymentPostprocessing = 0;
		};
		3E6471171CD2DE320012B046 /* Frameworks */ = {
			isa = PBXFrameworksBuildPhase;
			buildActionMask = 2147483647;
			files = (
			);
			runOnlyForDeploymentPostprocessing = 0;
		};
/* End PBXFrameworksBuildPhase section */

/* Begin PBXGroup section */
		3E6470ED1CD2DE310012B046 = {
			isa = PBXGroup;
			children = (
				3ECCA7FF1CD898440001787E /* res */,
				3ECCA7FC1CD897900001787E /* GameController.framework */,
				3ECCA7F81CD897500001787E /* AudioToolbox.framework */,
				3E6471961CD7B9090012B046 /* OpenAL.framework */,
				3E6471941CD7B9010012B046 /* OpenGLES.framework */,
				3E6471921CD7B5280012B046 /* CoreMotion.framework */,
				3E64713F1CD2DEBF0012B046 /* FrameWorks */,
				3E6470F81CD2DE320012B046 /* VRPlayer2 */,
				3E6471121CD2DE320012B046 /* VRPlayer2Tests */,
				3E64711D1CD2DE320012B046 /* VRPlayer2UITests */,
				3E6470F71CD2DE310012B046 /* Products */,
			);
			sourceTree = "<group>";
		};
		3E6470F71CD2DE310012B046 /* Products */ = {
			isa = PBXGroup;
			children = (
				3E6470F61CD2DE310012B046 /* VRPlayer2.app */,
				3E64710F1CD2DE320012B046 /* VRPlayer2Tests.xctest */,
				3E64711A1CD2DE320012B046 /* VRPlayer2UITests.xctest */,
			);
			name = Products;
			sourceTree = "<group>";
		};
		3E6470F81CD2DE320012B046 /* VRPlayer2 */ = {
			isa = PBXGroup;
			children = (
				3E6470FC1CD2DE320012B046 /* AppDelegate.h */,
				3E6470FD1CD2DE320012B046 /* AppDelegate.m */,
				3ECCA80D1CDAE6880001787E /* MainViewController.h */,
				3ECCA80E1CDAE6880001787E /* MainViewController.m */,
				3ECCA8121CDAE8900001787E /* PlayViewController.h */,
				3ECCA8131CDAE8900001787E /* PlayViewController.mm */,
				3E6470FF1CD2DE320012B046 /* ViewController.h */,
				3E6471001CD2DE320012B046 /* ViewController.m */,
				3E6471021CD2DE320012B046 /* Main.storyboard */,
				3E6471051CD2DE320012B046 /* Assets.xcassets */,
				3E6471071CD2DE320012B046 /* LaunchScreen.storyboard */,
				3E64710A1CD2DE320012B046 /* Info.plist */,
				3E6470F91CD2DE320012B046 /* Supporting Files */,
			);
			path = VRPlayer2;
			sourceTree = "<group>";
		};
		3E6470F91CD2DE320012B046 /* Supporting Files */ = {
			isa = PBXGroup;
			children = (
				3E6470FA1CD2DE320012B046 /* main.m */,
			);
			name = "Supporting Files";
			sourceTree = "<group>";
		};
		3E6471121CD2DE320012B046 /* VRPlayer2Tests */ = {
			isa = PBXGroup;
			children = (
				3E6471131CD2DE320012B046 /* VRPlayer2Tests.m */,
				3E6471151CD2DE320012B046 /* Info.plist */,
			);
			path = VRPlayer2Tests;
			sourceTree = "<group>";
		};
		3E64711D1CD2DE320012B046 /* VRPlayer2UITests */ = {
			isa = PBXGroup;
			children = (
				3E64711E1CD2DE320012B046 /* VRPlayer2UITests.m */,
				3E6471201CD2DE320012B046 /* Info.plist */,
			);
			path = VRPlayer2UITests;
			sourceTree = "<group>";
		};
		3E6471361CD2DE7F0012B046 /* Products */ = {
			isa = PBXGroup;
			children = (
				3E64713B1CD2DE7F0012B046 /* libgameplay.a */,
				3E64713D1CD2DE7F0012B046 /* libgameplay.a */,
			);
			name = Products;
			sourceTree = "<group>";
		};
		3E64713F1CD2DEBF0012B046 /* FrameWorks */ = {
			isa = PBXGroup;
			children = (
				3E6471351CD2DE7F0012B046 /* gameplay.xcodeproj */,
			);
			name = FrameWorks;
			sourceTree = "<group>";
		};
/* End PBXGroup section */

/* Begin PBXNativeTarget section */
		3E6470F51CD2DE310012B046 /* VRPlayer2 */ = {
			isa = PBXNativeTarget;
			buildConfigurationList = 3E6471231CD2DE320012B046 /* Build configuration list for PBXNativeTarget "VRPlayer2" */;
			buildPhases = (
				3E6470F21CD2DE310012B046 /* Sources */,
				3E6470F31CD2DE310012B046 /* Frameworks */,
				3E6470F41CD2DE310012B046 /* Resources */,
			);
			buildRules = (
			);
			dependencies = (
			);
			name = VRPlayer2;
			productName = VRPlayer2;
			productReference = 3E6470F61CD2DE310012B046 /* VRPlayer2.app */;
			productType = "com.apple.product-type.application";
		};
		3E64710E1CD2DE320012B046 /* VRPlayer2Tests */ = {
			isa = PBXNativeTarget;
			buildConfigurationList = 3E6471261CD2DE320012B046 /* Build configuration list for PBXNativeTarget "VRPlayer2Tests" */;
			buildPhases = (
				3E64710B1CD2DE320012B046 /* Sources */,
				3E64710C1CD2DE320012B046 /* Frameworks */,
				3E64710D1CD2DE320012B046 /* Resources */,
			);
			buildRules = (
			);
			dependencies = (
				3E6471111CD2DE320012B046 /* PBXTargetDependency */,
			);
			name = VRPlayer2Tests;
			productName = VRPlayer2Tests;
			productReference = 3E64710F1CD2DE320012B046 /* VRPlayer2Tests.xctest */;
			productType = "com.apple.product-type.bundle.unit-test";
		};
		3E6471191CD2DE320012B046 /* VRPlayer2UITests */ = {
			isa = PBXNativeTarget;
			buildConfigurationList = 3E6471291CD2DE320012B046 /* Build configuration list for PBXNativeTarget "VRPlayer2UITests" */;
			buildPhases = (
				3E6471161CD2DE320012B046 /* Sources */,
				3E6471171CD2DE320012B046 /* Frameworks */,
				3E6471181CD2DE320012B046 /* Resources */,
			);
			buildRules = (
			);
			dependencies = (
				3E64711C1CD2DE320012B046 /* PBXTargetDependency */,
			);
			name = VRPlayer2UITests;
			productName = VRPlayer2UITests;
			productReference = 3E64711A1CD2DE320012B046 /* VRPlayer2UITests.xctest */;
			productType = "com.apple.product-type.bundle.ui-testing";
		};
/* End PBXNativeTarget section */

/* Begin PBXProject section */
		3E6470EE1CD2DE310012B046 /* Project object */ = {
			isa = PBXProject;
			attributes = {
				LastUpgradeCheck = 0730;
				ORGANIZATIONNAME = yangxiao;
				TargetAttributes = {
					3E6470F51CD2DE310012B046 = {
						CreatedOnToolsVersion = 7.3;
					};
					3E64710E1CD2DE320012B046 = {
						CreatedOnToolsVersion = 7.3;
						TestTargetID = 3E6470F51CD2DE310012B046;
					};
					3E6471191CD2DE320012B046 = {
						CreatedOnToolsVersion = 7.3;
						TestTargetID = 3E6470F51CD2DE310012B046;
					};
				};
			};
			buildConfigurationList = 3E6470F11CD2DE310012B046 /* Build configuration list for PBXProject "VRPlayer2" */;
			compatibilityVersion = "Xcode 3.2";
			developmentRegion = English;
			hasScannedForEncodings = 0;
			knownRegions = (
				en,
				Base,
			);
			mainGroup = 3E6470ED1CD2DE310012B046;
			productRefGroup = 3E6470F71CD2DE310012B046 /* Products */;
			projectDirPath = "";
			projectReferences = (
				{
					ProductGroup = 3E6471361CD2DE7F0012B046 /* Products */;
					ProjectRef = 3E6471351CD2DE7F0012B046 /* gameplay.xcodeproj */;
				},
			);
			projectRoot = "";
			targets = (
				3E6470F51CD2DE310012B046 /* VRPlayer2 */,
				3E64710E1CD2DE320012B046 /* VRPlayer2Tests */,
				3E6471191CD2DE320012B046 /* VRPlayer2UITests */,
			);
		};
/* End PBXProject section */

/* Begin PBXReferenceProxy section */
		3E64713B1CD2DE7F0012B046 /* libgameplay.a */ = {
			isa = PBXReferenceProxy;
			fileType = archive.ar;
			path = libgameplay.a;
			remoteRef = 3E64713A1CD2DE7F0012B046 /* PBXContainerItemProxy */;
			sourceTree = BUILT_PRODUCTS_DIR;
		};
		3E64713D1CD2DE7F0012B046 /* libgameplay.a */ = {
			isa = PBXReferenceProxy;
			fileType = archive.ar;
			path = libgameplay.a;
			remoteRef = 3E64713C1CD2DE7F0012B046 /* PBXContainerItemProxy */;
			sourceTree = BUILT_PRODUCTS_DIR;
		};
/* End PBXReferenceProxy section */

/* Begin PBXResourcesBuildPhase section */
		3E6470F41CD2DE310012B046 /* Resources */ = {
			isa = PBXResourcesBuildPhase;
			buildActionMask = 2147483647;
			files = (
				3E6471091CD2DE320012B046 /* LaunchScreen.storyboard in Resources */,
				3ECCA8001CD898440001787E /* res in Resources */,
				3E6471061CD2DE320012B046 /* Assets.xcassets in Resources */,
				3E6471041CD2DE320012B046 /* Main.storyboard in Resources */,
			);
			runOnlyForDeploymentPostprocessing = 0;
		};
		3E64710D1CD2DE320012B046 /* Resources */ = {
			isa = PBXResourcesBuildPhase;
			buildActionMask = 2147483647;
			files = (
			);
			runOnlyForDeploymentPostprocessing = 0;
		};
		3E6471181CD2DE320012B046 /* Resources */ = {
			isa = PBXResourcesBuildPhase;
			buildActionMask = 2147483647;
			files = (
			);
			runOnlyForDeploymentPostprocessing = 0;
		};
/* End PBXResourcesBuildPhase section */

/* Begin PBXSourcesBuildPhase section */
		3E6470F21CD2DE310012B046 /* Sources */ = {
			isa = PBXSourcesBuildPhase;
			buildActionMask = 2147483647;
			files = (
				3E6471011CD2DE320012B046 /* ViewController.m in Sources */,
				3E6470FE1CD2DE320012B046 /* AppDelegate.m in Sources */,
				3E6470FB1CD2DE320012B046 /* main.m in Sources */,
				3ECCA8141CDAE8900001787E /* PlayViewController.mm in Sources */,
				3ECCA80F1CDAE6880001787E /* MainViewController.m in Sources */,
			);
			runOnlyForDeploymentPostprocessing = 0;
		};
		3E64710B1CD2DE320012B046 /* Sources */ = {
			isa = PBXSourcesBuildPhase;
			buildActionMask = 2147483647;
			files = (
				3E6471141CD2DE320012B046 /* VRPlayer2Tests.m in Sources */,
			);
			runOnlyForDeploymentPostprocessing = 0;
		};
		3E6471161CD2DE320012B046 /* Sources */ = {
			isa = PBXSourcesBuildPhase;
			buildActionMask = 2147483647;
			files = (
				3E64711F1CD2DE320012B046 /* VRPlayer2UITests.m in Sources */,
			);
			runOnlyForDeploymentPostprocessing = 0;
		};
/* End PBXSourcesBuildPhase section */

/* Begin PBXTargetDependency section */
		3E6471111CD2DE320012B046 /* PBXTargetDependency */ = {
			isa = PBXTargetDependency;
			target = 3E6470F51CD2DE310012B046 /* VRPlayer2 */;
			targetProxy = 3E6471101CD2DE320012B046 /* PBXContainerItemProxy */;
		};
		3E64711C1CD2DE320012B046 /* PBXTargetDependency */ = {
			isa = PBXTargetDependency;
			target = 3E6470F51CD2DE310012B046 /* VRPlayer2 */;
			targetProxy = 3E64711B1CD2DE320012B046 /* PBXContainerItemProxy */;
		};
/* End PBXTargetDependency section */

/* Begin PBXVariantGroup section */
		3E6471021CD2DE320012B046 /* Main.storyboard */ = {
			isa = PBXVariantGroup;
			children = (
				3E6471031CD2DE320012B046 /* Base */,
			);
			name = Main.storyboard;
			sourceTree = "<group>";
		};
		3E6471071CD2DE320012B046 /* LaunchScreen.storyboard */ = {
			isa = PBXVariantGroup;
			children = (
				3E6471081CD2DE320012B046 /* Base */,
			);
			name = LaunchScreen.storyboard;
			sourceTree = "<group>";
		};
/* End PBXVariantGroup section */

/* Begin XCBuildConfiguration section */
		3E6471211CD2DE320012B046 /* Debug */ = {
			isa = XCBuildConfiguration;
			buildSettings = {
				ALWAYS_SEARCH_USER_PATHS = NO;
				CLANG_ANALYZER_NONNULL = YES;
				CLANG_CXX_LANGUAGE_STANDARD = "gnu++0x";
				CLANG_CXX_LIBRARY = "libc++";
				CLANG_ENABLE_MODULES = YES;
				CLANG_ENABLE_OBJC_ARC = YES;
				CLANG_WARN_BOOL_CONVERSION = YES;
				CLANG_WARN_CONSTANT_CONVERSION = YES;
				CLANG_WARN_DIRECT_OBJC_ISA_USAGE = YES_ERROR;
				CLANG_WARN_EMPTY_BODY = YES;
				CLANG_WARN_ENUM_CONVERSION = YES;
				CLANG_WARN_INT_CONVERSION = YES;
				CLANG_WARN_OBJC_ROOT_CLASS = YES_ERROR;
				CLANG_WARN_UNREACHABLE_CODE = YES;
				CLANG_WARN__DUPLICATE_METHOD_MATCH = YES;
				"CODE_SIGN_IDENTITY[sdk=iphoneos*]" = "iPhone Developer";
				COPY_PHASE_STRIP = NO;
				DEBUG_INFORMATION_FORMAT = dwarf;
				ENABLE_STRICT_OBJC_MSGSEND = YES;
				ENABLE_TESTABILITY = YES;
				GCC_C_LANGUAGE_STANDARD = gnu99;
				GCC_DYNAMIC_NO_PIC = NO;
				GCC_NO_COMMON_BLOCKS = YES;
				GCC_OPTIMIZATION_LEVEL = 0;
				GCC_PREPROCESSOR_DEFINITIONS = (
					"DEBUG=1",
					"$(inherited)",
				);
				GCC_WARN_64_TO_32_BIT_CONVERSION = YES;
				GCC_WARN_ABOUT_RETURN_TYPE = YES_ERROR;
				GCC_WARN_UNDECLARED_SELECTOR = YES;
				GCC_WARN_UNINITIALIZED_AUTOS = YES_AGGRESSIVE;
				GCC_WARN_UNUSED_FUNCTION = YES;
				GCC_WARN_UNUSED_VARIABLE = YES;
				IPHONEOS_DEPLOYMENT_TARGET = 9.3;
				MTL_ENABLE_DEBUG_INFO = YES;
				ONLY_ACTIVE_ARCH = YES;
				SDKROOT = iphoneos;
			};
			name = Debug;
		};
		3E6471221CD2DE320012B046 /* Release */ = {
			isa = XCBuildConfiguration;
			buildSettings = {
				ALWAYS_SEARCH_USER_PATHS = NO;
				CLANG_ANALYZER_NONNULL = YES;
				CLANG_CXX_LANGUAGE_STANDARD = "gnu++0x";
				CLANG_CXX_LIBRARY = "libc++";
				CLANG_ENABLE_MODULES = YES;
				CLANG_ENABLE_OBJC_ARC = YES;
				CLANG_WARN_BOOL_CONVERSION = YES;
				CLANG_WARN_CONSTANT_CONVERSION = YES;
				CLANG_WARN_DIRECT_OBJC_ISA_USAGE = YES_ERROR;
				CLANG_WARN_EMPTY_BODY = YES;
				CLANG_WARN_ENUM_CONVERSION = YES;
				CLANG_WARN_INT_CONVERSION = YES;
				CLANG_WARN_OBJC_ROOT_CLASS = YES_ERROR;
				CLANG_WARN_UNREACHABLE_CODE = YES;
				CLANG_WARN__DUPLICATE_METHOD_MATCH = YES;
				"CODE_SIGN_IDENTITY[sdk=iphoneos*]" = "iPhone Developer";
				COPY_PHASE_STRIP = NO;
				DEBUG_INFORMATION_FORMAT = "dwarf-with-dsym";
				ENABLE_NS_ASSERTIONS = NO;
				ENABLE_STRICT_OBJC_MSGSEND = YES;
				GCC_C_LANGUAGE_STANDARD = gnu99;
				GCC_NO_COMMON_BLOCKS = YES;
				GCC_WARN_64_TO_32_BIT_CONVERSION = YES;
				GCC_WARN_ABOUT_RETURN_TYPE = YES_ERROR;
				GCC_WARN_UNDECLARED_SELECTOR = YES;
				GCC_WARN_UNINITIALIZED_AUTOS = YES_AGGRESSIVE;
				GCC_WARN_UNUSED_FUNCTION = YES;
				GCC_WARN_UNUSED_VARIABLE = YES;
				IPHONEOS_DEPLOYMENT_TARGET = 9.3;
				MTL_ENABLE_DEBUG_INFO = NO;
				SDKROOT = iphoneos;
				VALIDATE_PRODUCT = YES;
			};
			name = Release;
		};
		3E6471241CD2DE320012B046 /* Debug */ = {
			isa = XCBuildConfiguration;
			buildSettings = {
				ASSETCATALOG_COMPILER_APPICON_NAME = AppIcon;
				ENABLE_BITCODE = NO;
				HEADER_SEARCH_PATHS = ../GamePlay/gameplay/src;
				INFOPLIST_FILE = VRPlayer2/Info.plist;
				LD_RUNPATH_SEARCH_PATHS = "$(inherited) @executable_path/Frameworks";
				PRODUCT_BUNDLE_IDENTIFIER = LiveVR.VRPlayer2;
				PRODUCT_NAME = "$(TARGET_NAME)";
			};
			name = Debug;
		};
		3E6471251CD2DE320012B046 /* Release */ = {
			isa = XCBuildConfiguration;
			buildSettings = {
				ASSETCATALOG_COMPILER_APPICON_NAME = AppIcon;
				ENABLE_BITCODE = NO;
				HEADER_SEARCH_PATHS = ../GamePlay/gameplay/src;
				INFOPLIST_FILE = VRPlayer2/Info.plist;
				LD_RUNPATH_SEARCH_PATHS = "$(inherited) @executable_path/Frameworks";
				PRODUCT_BUNDLE_IDENTIFIER = LiveVR.VRPlayer2;
				PRODUCT_NAME = "$(TARGET_NAME)";
			};
			name = Release;
		};
		3E6471271CD2DE320012B046 /* Debug */ = {
			isa = XCBuildConfiguration;
			buildSettings = {
				BUNDLE_LOADER = "$(TEST_HOST)";
				INFOPLIST_FILE = VRPlayer2Tests/Info.plist;
				LD_RUNPATH_SEARCH_PATHS = "$(inherited) @executable_path/Frameworks @loader_path/Frameworks";
				PRODUCT_BUNDLE_IDENTIFIER = LiveVR.VRPlayer2Tests;
				PRODUCT_NAME = "$(TARGET_NAME)";
				TEST_HOST = "$(BUILT_PRODUCTS_DIR)/VRPlayer2.app/VRPlayer2";
			};
			name = Debug;
		};
		3E6471281CD2DE320012B046 /* Release */ = {
			isa = XCBuildConfiguration;
			buildSettings = {
				BUNDLE_LOADER = "$(TEST_HOST)";
				INFOPLIST_FILE = VRPlayer2Tests/Info.plist;
				LD_RUNPATH_SEARCH_PATHS = "$(inherited) @executable_path/Frameworks @loader_path/Frameworks";
				PRODUCT_BUNDLE_IDENTIFIER = LiveVR.VRPlayer2Tests;
				PRODUCT_NAME = "$(TARGET_NAME)";
				TEST_HOST = "$(BUILT_PRODUCTS_DIR)/VRPlayer2.app/VRPlayer2";
			};
			name = Release;
		};
		3E64712A1CD2DE320012B046 /* Debug */ = {
			isa = XCBuildConfiguration;
			buildSettings = {
				INFOPLIST_FILE = VRPlayer2UITests/Info.plist;
				LD_RUNPATH_SEARCH_PATHS = "$(inherited) @executable_path/Frameworks @loader_path/Frameworks";
				PRODUCT_BUNDLE_IDENTIFIER = LiveVR.VRPlayer2UITests;
				PRODUCT_NAME = "$(TARGET_NAME)";
				TEST_TARGET_NAME = VRPlayer2;
			};
			name = Debug;
		};
		3E64712B1CD2DE320012B046 /* Release */ = {
			isa = XCBuildConfiguration;
			buildSettings = {
				INFOPLIST_FILE = VRPlayer2UITests/Info.plist;
				LD_RUNPATH_SEARCH_PATHS = "$(inherited) @executable_path/Frameworks @loader_path/Frameworks";
				PRODUCT_BUNDLE_IDENTIFIER = LiveVR.VRPlayer2UITests;
				PRODUCT_NAME = "$(TARGET_NAME)";
				TEST_TARGET_NAME = VRPlayer2;
			};
			name = Release;
		};
/* End XCBuildConfiguration section */

/* Begin XCConfigurationList section */
		3E6470F11CD2DE310012B046 /* Build configuration list for PBXProject "VRPlayer2" */ = {
			isa = XCConfigurationList;
			buildConfigurations = (
				3E6471211CD2DE320012B046 /* Debug */,
				3E6471221CD2DE320012B046 /* Release */,
			);
			defaultConfigurationIsVisible = 0;
			defaultConfigurationName = Release;
		};
		3E6471231CD2DE320012B046 /* Build configuration list for PBXNativeTarget "VRPlayer2" */ = {
			isa = XCConfigurationList;
			buildConfigurations = (
				3E6471241CD2DE320012B046 /* Debug */,
				3E6471251CD2DE320012B046 /* Release */,
			);
			defaultConfigurationIsVisible = 0;
			defaultConfigurationName = Release;
		};
		3E6471261CD2DE320012B046 /* Build configuration list for PBXNativeTarget "VRPlayer2Tests" */ = {
			isa = XCConfigurationList;
			buildConfigurations = (
				3E6471271CD2DE320012B046 /* Debug */,
				3E6471281CD2DE320012B046 /* Release */,
			);
			defaultConfigurationIsVisible = 0;
			defaultConfigurationName = Release;
		};
		3E6471291CD2DE320012B046 /* Build configuration list for PBXNativeTarget "VRPlayer2UITests" */ = {
			isa = XCConfigurationList;
			buildConfigurations = (
				3E64712A1CD2DE320012B046 /* Debug */,
				3E64712B1CD2DE320012B046 /* Release */,
			);
			defaultConfigurationIsVisible = 0;
			defaultConfigurationName = Release;
		};
/* End XCConfigurationList section */
	};
	rootObject = 3E6470EE1CD2DE310012B046 /* Project object */;
}
